
Microsoft Visual Studio Solution File, Format Version 12.00
# Visual Studio Version 17
VisualStudioVersion = 17.11.35222.181
MinimumVisualStudioVersion = 10.0.40219.1
Project("{2150E333-8FDC-42A3-9474-1A3956D46DE8}") = "Task0", "Task0", "{A463BEB5-A494-47CB-9899-5FA0066A2023}"
EndProject
Project("{9A19103F-16F7-4668-BE54-9A1E7A4F7556}") = "Tyuiu.ZhukovaYA.Sprint5.Task0.V14", "Tyuiu.ZhukovaYA.Sprint5.Task0.V14\Tyuiu.ZhukovaYA.Sprint5.Task0.V14.csproj", "{33B8ED15-9FC3-4D7E-BDA6-7A7EC1C916F0}"
EndProject
Project("{9A19103F-16F7-4668-BE54-9A1E7A4F7556}") = "Tyuiu.ZhukovaYA.Sprint5.Task0.V14.Lib", "Tyuiu.ZhukovaYA.Sprint5.Task0.V14.Lib\Tyuiu.ZhukovaYA.Sprint5.Task0.V14.Lib.csproj", "{4E06CAB6-6172-439F-86B3-78FF3284BB2C}"
EndProject
Project("{9A19103F-16F7-4668-BE54-9A1E7A4F7556}") = "Tyuiu.ZhukovaYA.Sprint5.Task0.V14.Test", "Tyuiu.ZhukovaYA.Sprint5.Task0.V14.Test\Tyuiu.ZhukovaYA.Sprint5.Task0.V14.Test.csproj", "{E7D06FA4-4D47-4286-8A6B-EF30AB783DCF}"
EndProject
Project("{9A19103F-16F7-4668-BE54-9A1E7A4F7556}") = "Tyuiu.ZhukovaYA.Sprint5.Task1.V14.Lib", "Tyuiu.ZhukovaYA.Sprint5.Task1.V14.Lib\Tyuiu.ZhukovaYA.Sprint5.Task1.V14.Lib.csproj", "{BE10CC34-5BDD-446B-85EB-31FCD7A8BD90}"
EndProject
Project("{9A19103F-16F7-4668-BE54-9A1E7A4F7556}") = "Tyuiu.ZhukovaYA.Sprint5.Task1.V14", "Tyuiu.ZhukovaYA.Sprint5.Task1.V14\Tyuiu.ZhukovaYA.Sprint5.Task1.V14.csproj", "{FB661488-86DD-4BBF-B56F-C07640216FA0}"
EndProject
Project("{9A19103F-16F7-4668-BE54-9A1E7A4F7556}") = "Tyuiu.ZhukovaYA.Sprint5.Task1.V14.Test", "Tyuiu.ZhukovaYA.Sprint5.Task1.V14.Test\Tyuiu.ZhukovaYA.Sprint5.Task1.V14.Test.csproj", "{0325ED40-A927-4249-B794-7BFAE034AED8}"
EndProject
Project("{2150E333-8FDC-42A3-9474-1A3956D46DE8}") = "Task1", "Task1", "{54AEA848-0F8B-4533-951E-3EA325924CA1}"
EndProject
Project("{9A19103F-16F7-4668-BE54-9A1E7A4F7556}") = "Tyuiu.ZhukovaYA.Sprint5.Task2.V5.Lib", "Tyuiu.ZhukovaYA.Sprint5.Task2.V5.Lib\Tyuiu.ZhukovaYA.Sprint5.Task2.V5.Lib.csproj", "{E72599B4-8392-4C20-80DD-35496F6190C4}"
EndProject
Project("{9A19103F-16F7-4668-BE54-9A1E7A4F7556}") = "Tyuiu.ZhukovaYA.Sprint5.Task2.V5", "Tyuiu.ZhukovaYA.Sprint5.Task2.V5\Tyuiu.ZhukovaYA.Sprint5.Task2.V5.csproj", "{E5C610EF-7FBC-43AF-8BEA-58A3A70424A8}"
EndProject
Project("{9A19103F-16F7-4668-BE54-9A1E7A4F7556}") = "Tyuiu.ZhukovaYA.Sprint5.Task2.V5.Test", "Tyuiu.ZhukovaYA.Sprint5.Task2.V5.Test\Tyuiu.ZhukovaYA.Sprint5.Task2.V5.Test.csproj", "{5E57306F-B5A7-4930-BC88-76025BB6207A}"
EndProject
Project("{2150E333-8FDC-42A3-9474-1A3956D46DE8}") = "Task2", "Task2", "{DA3624B5-E561-48D0-B60E-F93B8E7959E2}"
EndProject
Project("{9A19103F-16F7-4668-BE54-9A1E7A4F7556}") = "Tyuiu.ZhukovaYA.Sprint5.Task3.V14.Lib", "Tyuiu.ZhukovaYA.Sprint5.Task3.V14.Lib\Tyuiu.ZhukovaYA.Sprint5.Task3.V14.Lib.csproj", "{6D85D5A0-BA60-44F1-A39A-6F082DC48733}"
EndProject
Project("{9A19103F-16F7-4668-BE54-9A1E7A4F7556}") = "Tyuiu.ZhukovaYA.Sprint5.Task3.V14", "Tyuiu.ZhukovaYA.Sprint5.Task3.V14\Tyuiu.ZhukovaYA.Sprint5.Task3.V14.csproj", "{BD57404C-A3C3-4FDD-B1FD-CCD64C8876D6}"
EndProject
Project("{9A19103F-16F7-4668-BE54-9A1E7A4F7556}") = "Tyuiu.ZhukovaYA.Sprint5.Task3.V14.Test", "Tyuiu.ZhukovaYA.Sprint5.Task3.V14.Test\Tyuiu.ZhukovaYA.Sprint5.Task3.V14.Test.csproj", "{A7E64019-CBF0-4406-93B2-57C24F95CBB3}"
EndProject
Project("{2150E333-8FDC-42A3-9474-1A3956D46DE8}") = "Task3", "Task3", "{DDFE4971-756A-4064-A68F-8A11EADC9E61}"
EndProject
Project("{9A19103F-16F7-4668-BE54-9A1E7A4F7556}") = "Tyuiu.ZhukovaYA.Sprint5.Task4.V10.Lib", "Tyuiu.ZhukovaYA.Sprint5.Task4.V10.Lib\Tyuiu.ZhukovaYA.Sprint5.Task4.V10.Lib.csproj", "{6EE03B4E-8399-4F23-B827-B2C1C5538929}"
EndProject
Project("{9A19103F-16F7-4668-BE54-9A1E7A4F7556}") = "Tyuiu.ZhukovaYA.Sprint5.Task4.V10", "Tyuiu.ZhukovaYA.Sprint5.Task4.V10\Tyuiu.ZhukovaYA.Sprint5.Task4.V10.csproj", "{322D8E49-AB0A-424D-A18A-9ED7FFF6B789}"
EndProject
Project("{9A19103F-16F7-4668-BE54-9A1E7A4F7556}") = "Tyuiu.ZhukovaYA.Sprint5.Task4.V10.Test", "Tyuiu.ZhukovaYA.Sprint5.Task4.V10.Test\Tyuiu.ZhukovaYA.Sprint5.Task4.V10.Test.csproj", "{BBD9536E-0823-4233-AB91-697B4C3FD44C}"
EndProject
Project("{2150E333-8FDC-42A3-9474-1A3956D46DE8}") = "Task4", "Task4", "{D231865B-5E9C-4334-B4D2-3B6109CDEFD3}"
EndProject
Global
	GlobalSection(SolutionConfigurationPlatforms) = preSolution
		Debug|Any CPU = Debug|Any CPU
		Release|Any CPU = Release|Any CPU
	EndGlobalSection
	GlobalSection(ProjectConfigurationPlatforms) = postSolution
		{33B8ED15-9FC3-4D7E-BDA6-7A7EC1C916F0}.Debug|Any CPU.ActiveCfg = Debug|Any CPU
		{33B8ED15-9FC3-4D7E-BDA6-7A7EC1C916F0}.Debug|Any CPU.Build.0 = Debug|Any CPU
		{33B8ED15-9FC3-4D7E-BDA6-7A7EC1C916F0}.Release|Any CPU.ActiveCfg = Release|Any CPU
		{33B8ED15-9FC3-4D7E-BDA6-7A7EC1C916F0}.Release|Any CPU.Build.0 = Release|Any CPU
		{4E06CAB6-6172-439F-86B3-78FF3284BB2C}.Debug|Any CPU.ActiveCfg = Debug|Any CPU
		{4E06CAB6-6172-439F-86B3-78FF3284BB2C}.Debug|Any CPU.Build.0 = Debug|Any CPU
		{4E06CAB6-6172-439F-86B3-78FF3284BB2C}.Release|Any CPU.ActiveCfg = Release|Any CPU
		{4E06CAB6-6172-439F-86B3-78FF3284BB2C}.Release|Any CPU.Build.0 = Release|Any CPU
		{E7D06FA4-4D47-4286-8A6B-EF30AB783DCF}.Debug|Any CPU.ActiveCfg = Debug|Any CPU
		{E7D06FA4-4D47-4286-8A6B-EF30AB783DCF}.Debug|Any CPU.Build.0 = Debug|Any CPU
		{E7D06FA4-4D47-4286-8A6B-EF30AB783DCF}.Release|Any CPU.ActiveCfg = Release|Any CPU
		{E7D06FA4-4D47-4286-8A6B-EF30AB783DCF}.Release|Any CPU.Build.0 = Release|Any CPU
		{BE10CC34-5BDD-446B-85EB-31FCD7A8BD90}.Debug|Any CPU.ActiveCfg = Debug|Any CPU
		{BE10CC34-5BDD-446B-85EB-31FCD7A8BD90}.Debug|Any CPU.Build.0 = Debug|Any CPU
		{BE10CC34-5BDD-446B-85EB-31FCD7A8BD90}.Release|Any CPU.ActiveCfg = Release|Any CPU
		{BE10CC34-5BDD-446B-85EB-31FCD7A8BD90}.Release|Any CPU.Build.0 = Release|Any CPU
		{FB661488-86DD-4BBF-B56F-C07640216FA0}.Debug|Any CPU.ActiveCfg = Debug|Any CPU
		{FB661488-86DD-4BBF-B56F-C07640216FA0}.Debug|Any CPU.Build.0 = Debug|Any CPU
		{FB661488-86DD-4BBF-B56F-C07640216FA0}.Release|Any CPU.ActiveCfg = Release|Any CPU
		{FB661488-86DD-4BBF-B56F-C07640216FA0}.Release|Any CPU.Build.0 = Release|Any CPU
		{0325ED40-A927-4249-B794-7BFAE034AED8}.Debug|Any CPU.ActiveCfg = Debug|Any CPU
		{0325ED40-A927-4249-B794-7BFAE034AED8}.Debug|Any CPU.Build.0 = Debug|Any CPU
		{0325ED40-A927-4249-B794-7BFAE034AED8}.Release|Any CPU.ActiveCfg = Release|Any CPU
		{0325ED40-A927-4249-B794-7BFAE034AED8}.Release|Any CPU.Build.0 = Release|Any CPU
		{E72599B4-8392-4C20-80DD-35496F6190C4}.Debug|Any CPU.ActiveCfg = Debug|Any CPU
		{E72599B4-8392-4C20-80DD-35496F6190C4}.Debug|Any CPU.Build.0 = Debug|Any CPU
		{E72599B4-8392-4C20-80DD-35496F6190C4}.Release|Any CPU.ActiveCfg = Release|Any CPU
		{E72599B4-8392-4C20-80DD-35496F6190C4}.Release|Any CPU.Build.0 = Release|Any CPU
		{E5C610EF-7FBC-43AF-8BEA-58A3A70424A8}.Debug|Any CPU.ActiveCfg = Debug|Any CPU
		{E5C610EF-7FBC-43AF-8BEA-58A3A70424A8}.Debug|Any CPU.Build.0 = Debug|Any CPU
		{E5C610EF-7FBC-43AF-8BEA-58A3A70424A8}.Release|Any CPU.ActiveCfg = Release|Any CPU
		{E5C610EF-7FBC-43AF-8BEA-58A3A70424A8}.Release|Any CPU.Build.0 = Release|Any CPU
		{5E57306F-B5A7-4930-BC88-76025BB6207A}.Debug|Any CPU.ActiveCfg = Debug|Any CPU
		{5E57306F-B5A7-4930-BC88-76025BB6207A}.Debug|Any CPU.Build.0 = Debug|Any CPU
		{5E57306F-B5A7-4930-BC88-76025BB6207A}.Release|Any CPU.ActiveCfg = Release|Any CPU
		{5E57306F-B5A7-4930-BC88-76025BB6207A}.Release|Any CPU.Build.0 = Release|Any CPU
		{6D85D5A0-BA60-44F1-A39A-6F082DC48733}.Debug|Any CPU.ActiveCfg = Debug|Any CPU
		{6D85D5A0-BA60-44F1-A39A-6F082DC48733}.Debug|Any CPU.Build.0 = Debug|Any CPU
		{6D85D5A0-BA60-44F1-A39A-6F082DC48733}.Release|Any CPU.ActiveCfg = Release|Any CPU
		{6D85D5A0-BA60-44F1-A39A-6F082DC48733}.Release|Any CPU.Build.0 = Release|Any CPU
		{BD57404C-A3C3-4FDD-B1FD-CCD64C8876D6}.Debug|Any CPU.ActiveCfg = Debug|Any CPU
		{BD57404C-A3C3-4FDD-B1FD-CCD64C8876D6}.Debug|Any CPU.Build.0 = Debug|Any CPU
		{BD57404C-A3C3-4FDD-B1FD-CCD64C8876D6}.Release|Any CPU.ActiveCfg = Release|Any CPU
		{BD57404C-A3C3-4FDD-B1FD-CCD64C8876D6}.Release|Any CPU.Build.0 = Release|Any CPU
		{A7E64019-CBF0-4406-93B2-57C24F95CBB3}.Debug|Any CPU.ActiveCfg = Debug|Any CPU
		{A7E64019-CBF0-4406-93B2-57C24F95CBB3}.Debug|Any CPU.Build.0 = Debug|Any CPU
		{A7E64019-CBF0-4406-93B2-57C24F95CBB3}.Release|Any CPU.ActiveCfg = Release|Any CPU
		{A7E64019-CBF0-4406-93B2-57C24F95CBB3}.Release|Any CPU.Build.0 = Release|Any CPU
		{6EE03B4E-8399-4F23-B827-B2C1C5538929}.Debug|Any CPU.ActiveCfg = Debug|Any CPU
		{6EE03B4E-8399-4F23-B827-B2C1C5538929}.Debug|Any CPU.Build.0 = Debug|Any CPU
		{6EE03B4E-8399-4F23-B827-B2C1C5538929}.Release|Any CPU.ActiveCfg = Release|Any CPU
		{6EE03B4E-8399-4F23-B827-B2C1C5538929}.Release|Any CPU.Build.0 = Release|Any CPU
		{322D8E49-AB0A-424D-A18A-9ED7FFF6B789}.Debug|Any CPU.ActiveCfg = Debug|Any CPU
		{322D8E49-AB0A-424D-A18A-9ED7FFF6B789}.Debug|Any CPU.Build.0 = Debug|Any CPU
		{322D8E49-AB0A-424D-A18A-9ED7FFF6B789}.Release|Any CPU.ActiveCfg = Release|Any CPU
		{322D8E49-AB0A-424D-A18A-9ED7FFF6B789}.Release|Any CPU.Build.0 = Release|Any CPU
		{BBD9536E-0823-4233-AB91-697B4C3FD44C}.Debug|Any CPU.ActiveCfg = Debug|Any CPU
		{BBD9536E-0823-4233-AB91-697B4C3FD44C}.Debug|Any CPU.Build.0 = Debug|Any CPU
		{BBD9536E-0823-4233-AB91-697B4C3FD44C}.Release|Any CPU.ActiveCfg = Release|Any CPU
		{BBD9536E-0823-4233-AB91-697B4C3FD44C}.Release|Any CPU.Build.0 = Release|Any CPU
	EndGlobalSection
	GlobalSection(SolutionProperties) = preSolution
		HideSolutionNode = FALSE
	EndGlobalSection
	GlobalSection(NestedProjects) = preSolution
		{33B8ED15-9FC3-4D7E-BDA6-7A7EC1C916F0} = {A463BEB5-A494-47CB-9899-5FA0066A2023}
		{4E06CAB6-6172-439F-86B3-78FF3284BB2C} = {A463BEB5-A494-47CB-9899-5FA0066A2023}
		{E7D06FA4-4D47-4286-8A6B-EF30AB783DCF} = {A463BEB5-A494-47CB-9899-5FA0066A2023}
		{BE10CC34-5BDD-446B-85EB-31FCD7A8BD90} = {54AEA848-0F8B-4533-951E-3EA325924CA1}
		{FB661488-86DD-4BBF-B56F-C07640216FA0} = {54AEA848-0F8B-4533-951E-3EA325924CA1}
		{0325ED40-A927-4249-B794-7BFAE034AED8} = {54AEA848-0F8B-4533-951E-3EA325924CA1}
		{E72599B4-8392-4C20-80DD-35496F6190C4} = {DA3624B5-E561-48D0-B60E-F93B8E7959E2}
		{E5C610EF-7FBC-43AF-8BEA-58A3A70424A8} = {DA3624B5-E561-48D0-B60E-F93B8E7959E2}
		{5E57306F-B5A7-4930-BC88-76025BB6207A} = {DA3624B5-E561-48D0-B60E-F93B8E7959E2}
		{6D85D5A0-BA60-44F1-A39A-6F082DC48733} = {DDFE4971-756A-4064-A68F-8A11EADC9E61}
		{BD57404C-A3C3-4FDD-B1FD-CCD64C8876D6} = {DDFE4971-756A-4064-A68F-8A11EADC9E61}
		{A7E64019-CBF0-4406-93B2-57C24F95CBB3} = {DDFE4971-756A-4064-A68F-8A11EADC9E61}
		{6EE03B4E-8399-4F23-B827-B2C1C5538929} = {D231865B-5E9C-4334-B4D2-3B6109CDEFD3}
		{322D8E49-AB0A-424D-A18A-9ED7FFF6B789} = {D231865B-5E9C-4334-B4D2-3B6109CDEFD3}
		{BBD9536E-0823-4233-AB91-697B4C3FD44C} = {D231865B-5E9C-4334-B4D2-3B6109CDEFD3}
	EndGlobalSection
	GlobalSection(ExtensibilityGlobals) = postSolution
		SolutionGuid = {A8014812-21E2-4EBB-AD12-24CA25A470FF}
	EndGlobalSection
EndGlobal
